
Microsoft Visual Studio Solution File, Format Version 12.00
# Visual Studio Version 17
VisualStudioVersion = 17.5.33516.290
MinimumVisualStudioVersion = 10.0.40219.1
Project("{FAE04EC0-301F-11D3-BF4B-00C04F79EFBC}") = "WorldAPI", "WorldAPI.csproj", "{4FC927B8-95F6-4A33-A2BD-20DB575A186F}"
EndProject
Global
	GlobalSection(SolutionConfigurationPlatforms) = preSolution
		Debug|Any CPU = Debug|Any CPU
		Release|Any CPU = Release|Any CPU
	EndGlobalSection
	GlobalSection(ProjectConfigurationPlatforms) = postSolution
		{4FC927B8-95F6-4A33-A2BD-20DB575A186F}.Debug|Any CPU.ActiveCfg = Debug|Any CPU
		{4FC927B8-95F6-4A33-A2BD-20DB575A186F}.Debug|Any CPU.Build.0 = Debug|Any CPU
		{4FC927B8-95F6-4A33-A2BD-20DB575A186F}.Release|Any CPU.ActiveCfg = Release|Any CPU
		{4FC927B8-95F6-4A33-A2BD-20DB575A186F}.Release|Any CPU.Build.0 = Release|Any CPU
	EndGlobalSection
	GlobalSection(SolutionProperties) = preSolution
		HideSolutionNode = FALSE
	EndGlobalSection
	GlobalSection(ExtensibilityGlobals) = postSolution
		SolutionGuid = {B1D14E94-5C43-4FBA-8A9A-E8EA8048F86F}
	EndGlobalSection
EndGlobal
