
Microsoft Visual Studio Solution File, Format Version 12.00
# Visual Studio Version 17
VisualStudioVersion = 17.5.33516.290
MinimumVisualStudioVersion = 10.0.40219.1
Project("{FAE04EC0-301F-11D3-BF4B-00C04F79EFBC}") = "Abstract fig", "Abstract fig\Abstract fig.csproj", "{4F76269B-3A58-4E97-8D0A-E811DFF13BFF}"
EndProject
Global
	GlobalSection(SolutionConfigurationPlatforms) = preSolution
		Debug|Any CPU = Debug|Any CPU
		Release|Any CPU = Release|Any CPU
	EndGlobalSection
	GlobalSection(ProjectConfigurationPlatforms) = postSolution
		{4F76269B-3A58-4E97-8D0A-E811DFF13BFF}.Debug|Any CPU.ActiveCfg = Debug|Any CPU
		{4F76269B-3A58-4E97-8D0A-E811DFF13BFF}.Debug|Any CPU.Build.0 = Debug|Any CPU
		{4F76269B-3A58-4E97-8D0A-E811DFF13BFF}.Release|Any CPU.ActiveCfg = Release|Any CPU
		{4F76269B-3A58-4E97-8D0A-E811DFF13BFF}.Release|Any CPU.Build.0 = Release|Any CPU
	EndGlobalSection
	GlobalSection(SolutionProperties) = preSolution
		HideSolutionNode = FALSE
	EndGlobalSection
	GlobalSection(ExtensibilityGlobals) = postSolution
		SolutionGuid = {D9E61053-CABC-4822-B0FB-1328823D4D07}
	EndGlobalSection
EndGlobal
