
Microsoft Visual Studio Solution File, Format Version 12.00
# Visual Studio Version 17
VisualStudioVersion = 17.5.33516.290
MinimumVisualStudioVersion = 10.0.40219.1
Project("{FAE04EC0-301F-11D3-BF4B-00C04F79EFBC}") = "Anonymous add", "Anonymous add\Anonymous add.csproj", "{A976B5B2-1BB9-4330-87A4-A7238CD4DE4A}"
EndProject
Global
	GlobalSection(SolutionConfigurationPlatforms) = preSolution
		Debug|Any CPU = Debug|Any CPU
		Release|Any CPU = Release|Any CPU
	EndGlobalSection
	GlobalSection(ProjectConfigurationPlatforms) = postSolution
		{A976B5B2-1BB9-4330-87A4-A7238CD4DE4A}.Debug|Any CPU.ActiveCfg = Debug|Any CPU
		{A976B5B2-1BB9-4330-87A4-A7238CD4DE4A}.Debug|Any CPU.Build.0 = Debug|Any CPU
		{A976B5B2-1BB9-4330-87A4-A7238CD4DE4A}.Release|Any CPU.ActiveCfg = Release|Any CPU
		{A976B5B2-1BB9-4330-87A4-A7238CD4DE4A}.Release|Any CPU.Build.0 = Release|Any CPU
	EndGlobalSection
	GlobalSection(SolutionProperties) = preSolution
		HideSolutionNode = FALSE
	EndGlobalSection
	GlobalSection(ExtensibilityGlobals) = postSolution
		SolutionGuid = {5B1F8BF8-E10A-49D6-A438-0754B5C18797}
	EndGlobalSection
EndGlobal
