
Microsoft Visual Studio Solution File, Format Version 12.00
# Visual Studio Version 17
VisualStudioVersion = 17.5.33516.290
MinimumVisualStudioVersion = 10.0.40219.1
Project("{FAE04EC0-301F-11D3-BF4B-00C04F79EFBC}") = "Array Multiplication", "Array Multiplication\Array Multiplication.csproj", "{5B5CCA5E-5BD3-4142-91D8-1471946A5E92}"
EndProject
Global
	GlobalSection(SolutionConfigurationPlatforms) = preSolution
		Debug|Any CPU = Debug|Any CPU
		Release|Any CPU = Release|Any CPU
	EndGlobalSection
	GlobalSection(ProjectConfigurationPlatforms) = postSolution
		{5B5CCA5E-5BD3-4142-91D8-1471946A5E92}.Debug|Any CPU.ActiveCfg = Debug|Any CPU
		{5B5CCA5E-5BD3-4142-91D8-1471946A5E92}.Debug|Any CPU.Build.0 = Debug|Any CPU
		{5B5CCA5E-5BD3-4142-91D8-1471946A5E92}.Release|Any CPU.ActiveCfg = Release|Any CPU
		{5B5CCA5E-5BD3-4142-91D8-1471946A5E92}.Release|Any CPU.Build.0 = Release|Any CPU
	EndGlobalSection
	GlobalSection(SolutionProperties) = preSolution
		HideSolutionNode = FALSE
	EndGlobalSection
	GlobalSection(ExtensibilityGlobals) = postSolution
		SolutionGuid = {E0D720BF-4743-413A-AC00-AE0E3207DFD3}
	EndGlobalSection
EndGlobal
