
Microsoft Visual Studio Solution File, Format Version 12.00
# Visual Studio Version 17
VisualStudioVersion = 17.5.33516.290
MinimumVisualStudioVersion = 10.0.40219.1
Project("{FAE04EC0-301F-11D3-BF4B-00C04F79EFBC}") = "palindrome", "palindrome\palindrome.csproj", "{6477CB0D-31DC-469B-AAF5-EF4A63785DB0}"
EndProject
Global
	GlobalSection(SolutionConfigurationPlatforms) = preSolution
		Debug|Any CPU = Debug|Any CPU
		Release|Any CPU = Release|Any CPU
	EndGlobalSection
	GlobalSection(ProjectConfigurationPlatforms) = postSolution
		{6477CB0D-31DC-469B-AAF5-EF4A63785DB0}.Debug|Any CPU.ActiveCfg = Debug|Any CPU
		{6477CB0D-31DC-469B-AAF5-EF4A63785DB0}.Debug|Any CPU.Build.0 = Debug|Any CPU
		{6477CB0D-31DC-469B-AAF5-EF4A63785DB0}.Release|Any CPU.ActiveCfg = Release|Any CPU
		{6477CB0D-31DC-469B-AAF5-EF4A63785DB0}.Release|Any CPU.Build.0 = Release|Any CPU
	EndGlobalSection
	GlobalSection(SolutionProperties) = preSolution
		HideSolutionNode = FALSE
	EndGlobalSection
	GlobalSection(ExtensibilityGlobals) = postSolution
		SolutionGuid = {9DB210E1-EC2D-4B34-8609-0D713AA287DD}
	EndGlobalSection
EndGlobal
