
Microsoft Visual Studio Solution File, Format Version 12.00
# Visual Studio Version 17
VisualStudioVersion = 17.5.33516.290
MinimumVisualStudioVersion = 10.0.40219.1
Project("{FAE04EC0-301F-11D3-BF4B-00C04F79EFBC}") = "Mywebcoreapp", "Mywebcoreapp\Mywebcoreapp.csproj", "{571319FF-8A4B-49A9-92B1-32EFAA03F381}"
EndProject
Global
	GlobalSection(SolutionConfigurationPlatforms) = preSolution
		Debug|Any CPU = Debug|Any CPU
		Release|Any CPU = Release|Any CPU
	EndGlobalSection
	GlobalSection(ProjectConfigurationPlatforms) = postSolution
		{571319FF-8A4B-49A9-92B1-32EFAA03F381}.Debug|Any CPU.ActiveCfg = Debug|Any CPU
		{571319FF-8A4B-49A9-92B1-32EFAA03F381}.Debug|Any CPU.Build.0 = Debug|Any CPU
		{571319FF-8A4B-49A9-92B1-32EFAA03F381}.Release|Any CPU.ActiveCfg = Release|Any CPU
		{571319FF-8A4B-49A9-92B1-32EFAA03F381}.Release|Any CPU.Build.0 = Release|Any CPU
	EndGlobalSection
	GlobalSection(SolutionProperties) = preSolution
		HideSolutionNode = FALSE
	EndGlobalSection
	GlobalSection(ExtensibilityGlobals) = postSolution
		SolutionGuid = {181947DF-1FB7-4E47-BA1F-E46144ECB2AB}
	EndGlobalSection
EndGlobal
