
Microsoft Visual Studio Solution File, Format Version 12.00
# Visual Studio Version 17
VisualStudioVersion = 17.5.33516.290
MinimumVisualStudioVersion = 10.0.40219.1
Project("{FAE04EC0-301F-11D3-BF4B-00C04F79EFBC}") = "Read and display in rev", "Read and display in rev\Read and display in rev.csproj", "{FEE971F8-B3F6-4803-A596-CB2E417C88F2}"
EndProject
Global
	GlobalSection(SolutionConfigurationPlatforms) = preSolution
		Debug|Any CPU = Debug|Any CPU
		Release|Any CPU = Release|Any CPU
	EndGlobalSection
	GlobalSection(ProjectConfigurationPlatforms) = postSolution
		{FEE971F8-B3F6-4803-A596-CB2E417C88F2}.Debug|Any CPU.ActiveCfg = Debug|Any CPU
		{FEE971F8-B3F6-4803-A596-CB2E417C88F2}.Debug|Any CPU.Build.0 = Debug|Any CPU
		{FEE971F8-B3F6-4803-A596-CB2E417C88F2}.Release|Any CPU.ActiveCfg = Release|Any CPU
		{FEE971F8-B3F6-4803-A596-CB2E417C88F2}.Release|Any CPU.Build.0 = Release|Any CPU
	EndGlobalSection
	GlobalSection(SolutionProperties) = preSolution
		HideSolutionNode = FALSE
	EndGlobalSection
	GlobalSection(ExtensibilityGlobals) = postSolution
		SolutionGuid = {7CFC3060-0B08-4C4B-A052-E0678DC41BF7}
	EndGlobalSection
EndGlobal
