
Microsoft Visual Studio Solution File, Format Version 12.00
# Visual Studio Version 17
VisualStudioVersion = 17.5.33516.290
MinimumVisualStudioVersion = 10.0.40219.1
Project("{FAE04EC0-301F-11D3-BF4B-00C04F79EFBC}") = "count characters", "count characters\count characters.csproj", "{C85BB62C-3649-4235-8C04-10F9658B7326}"
EndProject
Global
	GlobalSection(SolutionConfigurationPlatforms) = preSolution
		Debug|Any CPU = Debug|Any CPU
		Release|Any CPU = Release|Any CPU
	EndGlobalSection
	GlobalSection(ProjectConfigurationPlatforms) = postSolution
		{C85BB62C-3649-4235-8C04-10F9658B7326}.Debug|Any CPU.ActiveCfg = Debug|Any CPU
		{C85BB62C-3649-4235-8C04-10F9658B7326}.Debug|Any CPU.Build.0 = Debug|Any CPU
		{C85BB62C-3649-4235-8C04-10F9658B7326}.Release|Any CPU.ActiveCfg = Release|Any CPU
		{C85BB62C-3649-4235-8C04-10F9658B7326}.Release|Any CPU.Build.0 = Release|Any CPU
	EndGlobalSection
	GlobalSection(SolutionProperties) = preSolution
		HideSolutionNode = FALSE
	EndGlobalSection
	GlobalSection(ExtensibilityGlobals) = postSolution
		SolutionGuid = {1BAD3723-F4DC-49D0-9D0E-338D8B3FDED2}
	EndGlobalSection
EndGlobal
