
Microsoft Visual Studio Solution File, Format Version 12.00
# Visual Studio Version 17
VisualStudioVersion = 17.5.33516.290
MinimumVisualStudioVersion = 10.0.40219.1
Project("{FAE04EC0-301F-11D3-BF4B-00C04F79EFBC}") = "Mail", "Mail\Mail.csproj", "{06548C36-0ACA-4DD1-BEE3-FF60D79856FE}"
EndProject
Global
	GlobalSection(SolutionConfigurationPlatforms) = preSolution
		Debug|Any CPU = Debug|Any CPU
		Release|Any CPU = Release|Any CPU
	EndGlobalSection
	GlobalSection(ProjectConfigurationPlatforms) = postSolution
		{06548C36-0ACA-4DD1-BEE3-FF60D79856FE}.Debug|Any CPU.ActiveCfg = Debug|Any CPU
		{06548C36-0ACA-4DD1-BEE3-FF60D79856FE}.Debug|Any CPU.Build.0 = Debug|Any CPU
		{06548C36-0ACA-4DD1-BEE3-FF60D79856FE}.Release|Any CPU.ActiveCfg = Release|Any CPU
		{06548C36-0ACA-4DD1-BEE3-FF60D79856FE}.Release|Any CPU.Build.0 = Release|Any CPU
	EndGlobalSection
	GlobalSection(SolutionProperties) = preSolution
		HideSolutionNode = FALSE
	EndGlobalSection
	GlobalSection(ExtensibilityGlobals) = postSolution
		SolutionGuid = {AAF42D41-A137-4C9B-988A-2CA389CE8F4F}
	EndGlobalSection
EndGlobal
