
Microsoft Visual Studio Solution File, Format Version 12.00
# Visual Studio Version 17
VisualStudioVersion = 17.5.33516.290
MinimumVisualStudioVersion = 10.0.40219.1
Project("{FAE04EC0-301F-11D3-BF4B-00C04F79EFBC}") = "Figure", "Figure\Figure.csproj", "{FD7DDC35-DE3D-409F-9D09-4CD9A6AF9FAD}"
EndProject
Global
	GlobalSection(SolutionConfigurationPlatforms) = preSolution
		Debug|Any CPU = Debug|Any CPU
		Release|Any CPU = Release|Any CPU
	EndGlobalSection
	GlobalSection(ProjectConfigurationPlatforms) = postSolution
		{FD7DDC35-DE3D-409F-9D09-4CD9A6AF9FAD}.Debug|Any CPU.ActiveCfg = Debug|Any CPU
		{FD7DDC35-DE3D-409F-9D09-4CD9A6AF9FAD}.Debug|Any CPU.Build.0 = Debug|Any CPU
		{FD7DDC35-DE3D-409F-9D09-4CD9A6AF9FAD}.Release|Any CPU.ActiveCfg = Release|Any CPU
		{FD7DDC35-DE3D-409F-9D09-4CD9A6AF9FAD}.Release|Any CPU.Build.0 = Release|Any CPU
	EndGlobalSection
	GlobalSection(SolutionProperties) = preSolution
		HideSolutionNode = FALSE
	EndGlobalSection
	GlobalSection(ExtensibilityGlobals) = postSolution
		SolutionGuid = {4895B0A9-1808-41C2-B45B-4A2B51ED60F1}
	EndGlobalSection
EndGlobal
