
Microsoft Visual Studio Solution File, Format Version 12.00
# Visual Studio Version 17
VisualStudioVersion = 17.5.33516.290
MinimumVisualStudioVersion = 10.0.40219.1
Project("{FAE04EC0-301F-11D3-BF4B-00C04F79EFBC}") = "Words in a string", "Words in a string\Words in a string.csproj", "{ACC4D85F-0A86-4C4B-A7EE-BA6E11C7046E}"
EndProject
Global
	GlobalSection(SolutionConfigurationPlatforms) = preSolution
		Debug|Any CPU = Debug|Any CPU
		Release|Any CPU = Release|Any CPU
	EndGlobalSection
	GlobalSection(ProjectConfigurationPlatforms) = postSolution
		{ACC4D85F-0A86-4C4B-A7EE-BA6E11C7046E}.Debug|Any CPU.ActiveCfg = Debug|Any CPU
		{ACC4D85F-0A86-4C4B-A7EE-BA6E11C7046E}.Debug|Any CPU.Build.0 = Debug|Any CPU
		{ACC4D85F-0A86-4C4B-A7EE-BA6E11C7046E}.Release|Any CPU.ActiveCfg = Release|Any CPU
		{ACC4D85F-0A86-4C4B-A7EE-BA6E11C7046E}.Release|Any CPU.Build.0 = Release|Any CPU
	EndGlobalSection
	GlobalSection(SolutionProperties) = preSolution
		HideSolutionNode = FALSE
	EndGlobalSection
	GlobalSection(ExtensibilityGlobals) = postSolution
		SolutionGuid = {B79D07C2-448A-4533-95BA-1FEDB4C6F654}
	EndGlobalSection
EndGlobal
