
Microsoft Visual Studio Solution File, Format Version 12.00
# Visual Studio Version 17
VisualStudioVersion = 17.5.33516.290
MinimumVisualStudioVersion = 10.0.40219.1
Project("{FAE04EC0-301F-11D3-BF4B-00C04F79EFBC}") = "Reverse string", "Reverse string\Reverse string.csproj", "{279C8965-F9BB-4929-8110-421C853F0809}"
EndProject
Global
	GlobalSection(SolutionConfigurationPlatforms) = preSolution
		Debug|Any CPU = Debug|Any CPU
		Release|Any CPU = Release|Any CPU
	EndGlobalSection
	GlobalSection(ProjectConfigurationPlatforms) = postSolution
		{279C8965-F9BB-4929-8110-421C853F0809}.Debug|Any CPU.ActiveCfg = Debug|Any CPU
		{279C8965-F9BB-4929-8110-421C853F0809}.Debug|Any CPU.Build.0 = Debug|Any CPU
		{279C8965-F9BB-4929-8110-421C853F0809}.Release|Any CPU.ActiveCfg = Release|Any CPU
		{279C8965-F9BB-4929-8110-421C853F0809}.Release|Any CPU.Build.0 = Release|Any CPU
	EndGlobalSection
	GlobalSection(SolutionProperties) = preSolution
		HideSolutionNode = FALSE
	EndGlobalSection
	GlobalSection(ExtensibilityGlobals) = postSolution
		SolutionGuid = {79CB0BB2-AC0A-41BD-A7AE-7F0112F7FFB2}
	EndGlobalSection
EndGlobal
