
Microsoft Visual Studio Solution File, Format Version 12.00
# Visual Studio Version 17
VisualStudioVersion = 17.5.33516.290
MinimumVisualStudioVersion = 10.0.40219.1
Project("{FAE04EC0-301F-11D3-BF4B-00C04F79EFBC}") = "Swap", "Swap\Swap.csproj", "{3BEC358C-FD93-4823-81B8-3213B4BEC6C4}"
EndProject
Global
	GlobalSection(SolutionConfigurationPlatforms) = preSolution
		Debug|Any CPU = Debug|Any CPU
		Release|Any CPU = Release|Any CPU
	EndGlobalSection
	GlobalSection(ProjectConfigurationPlatforms) = postSolution
		{3BEC358C-FD93-4823-81B8-3213B4BEC6C4}.Debug|Any CPU.ActiveCfg = Debug|Any CPU
		{3BEC358C-FD93-4823-81B8-3213B4BEC6C4}.Debug|Any CPU.Build.0 = Debug|Any CPU
		{3BEC358C-FD93-4823-81B8-3213B4BEC6C4}.Release|Any CPU.ActiveCfg = Release|Any CPU
		{3BEC358C-FD93-4823-81B8-3213B4BEC6C4}.Release|Any CPU.Build.0 = Release|Any CPU
	EndGlobalSection
	GlobalSection(SolutionProperties) = preSolution
		HideSolutionNode = FALSE
	EndGlobalSection
	GlobalSection(ExtensibilityGlobals) = postSolution
		SolutionGuid = {324C9D54-5475-45C3-AA31-D13B88E2A954}
	EndGlobalSection
EndGlobal
