
Microsoft Visual Studio Solution File, Format Version 12.00
# Visual Studio Version 17
VisualStudioVersion = 17.5.33516.290
MinimumVisualStudioVersion = 10.0.40219.1
Project("{FAE04EC0-301F-11D3-BF4B-00C04F79EFBC}") = "MangoInfo", "MangoInfo\MangoInfo.csproj", "{4835FC6F-442C-41EB-809D-81F82DEFACB6}"
EndProject
Global
	GlobalSection(SolutionConfigurationPlatforms) = preSolution
		Debug|Any CPU = Debug|Any CPU
		Release|Any CPU = Release|Any CPU
	EndGlobalSection
	GlobalSection(ProjectConfigurationPlatforms) = postSolution
		{4835FC6F-442C-41EB-809D-81F82DEFACB6}.Debug|Any CPU.ActiveCfg = Debug|Any CPU
		{4835FC6F-442C-41EB-809D-81F82DEFACB6}.Debug|Any CPU.Build.0 = Debug|Any CPU
		{4835FC6F-442C-41EB-809D-81F82DEFACB6}.Release|Any CPU.ActiveCfg = Release|Any CPU
		{4835FC6F-442C-41EB-809D-81F82DEFACB6}.Release|Any CPU.Build.0 = Release|Any CPU
	EndGlobalSection
	GlobalSection(SolutionProperties) = preSolution
		HideSolutionNode = FALSE
	EndGlobalSection
	GlobalSection(ExtensibilityGlobals) = postSolution
		SolutionGuid = {CEFA1607-6B3F-4396-8B0C-0EA523A99BE7}
	EndGlobalSection
EndGlobal
