
Microsoft Visual Studio Solution File, Format Version 12.00
# Visual Studio Version 17
VisualStudioVersion = 17.5.33516.290
MinimumVisualStudioVersion = 10.0.40219.1
Project("{FAE04EC0-301F-11D3-BF4B-00C04F79EFBC}") = "Lockerproj", "Lockerproj\Lockerproj.csproj", "{709D97F6-07C3-4CBF-AA4B-68ECB1D84B46}"
EndProject
Global
	GlobalSection(SolutionConfigurationPlatforms) = preSolution
		Debug|Any CPU = Debug|Any CPU
		Release|Any CPU = Release|Any CPU
	EndGlobalSection
	GlobalSection(ProjectConfigurationPlatforms) = postSolution
		{709D97F6-07C3-4CBF-AA4B-68ECB1D84B46}.Debug|Any CPU.ActiveCfg = Debug|Any CPU
		{709D97F6-07C3-4CBF-AA4B-68ECB1D84B46}.Debug|Any CPU.Build.0 = Debug|Any CPU
		{709D97F6-07C3-4CBF-AA4B-68ECB1D84B46}.Release|Any CPU.ActiveCfg = Release|Any CPU
		{709D97F6-07C3-4CBF-AA4B-68ECB1D84B46}.Release|Any CPU.Build.0 = Release|Any CPU
	EndGlobalSection
	GlobalSection(SolutionProperties) = preSolution
		HideSolutionNode = FALSE
	EndGlobalSection
	GlobalSection(ExtensibilityGlobals) = postSolution
		SolutionGuid = {7F3F923D-C2EC-43E7-8B11-F6312069D7AB}
	EndGlobalSection
EndGlobal
