
Microsoft Visual Studio Solution File, Format Version 12.00
# Visual Studio Version 17
VisualStudioVersion = 17.5.33516.290
MinimumVisualStudioVersion = 10.0.40219.1
Project("{FAE04EC0-301F-11D3-BF4B-00C04F79EFBC}") = "pgm 5 multipliction table", "pgm 5 multipliction table\pgm 5 multipliction table.csproj", "{5A792548-0FCC-4F49-8560-EB4B4D387F7F}"
EndProject
Global
	GlobalSection(SolutionConfigurationPlatforms) = preSolution
		Debug|Any CPU = Debug|Any CPU
		Release|Any CPU = Release|Any CPU
	EndGlobalSection
	GlobalSection(ProjectConfigurationPlatforms) = postSolution
		{5A792548-0FCC-4F49-8560-EB4B4D387F7F}.Debug|Any CPU.ActiveCfg = Debug|Any CPU
		{5A792548-0FCC-4F49-8560-EB4B4D387F7F}.Debug|Any CPU.Build.0 = Debug|Any CPU
		{5A792548-0FCC-4F49-8560-EB4B4D387F7F}.Release|Any CPU.ActiveCfg = Release|Any CPU
		{5A792548-0FCC-4F49-8560-EB4B4D387F7F}.Release|Any CPU.Build.0 = Release|Any CPU
	EndGlobalSection
	GlobalSection(SolutionProperties) = preSolution
		HideSolutionNode = FALSE
	EndGlobalSection
	GlobalSection(ExtensibilityGlobals) = postSolution
		SolutionGuid = {FF512718-272F-4CB6-91D5-EA6F219996A5}
	EndGlobalSection
EndGlobal
