
Microsoft Visual Studio Solution File, Format Version 12.00
# Visual Studio Version 17
VisualStudioVersion = 17.5.33516.290
MinimumVisualStudioVersion = 10.0.40219.1
Project("{FAE04EC0-301F-11D3-BF4B-00C04F79EFBC}") = "Name", "Name\Name.csproj", "{9A579049-2F16-4B95-885F-DE5B18AE994B}"
EndProject
Global
	GlobalSection(SolutionConfigurationPlatforms) = preSolution
		Debug|Any CPU = Debug|Any CPU
		Release|Any CPU = Release|Any CPU
	EndGlobalSection
	GlobalSection(ProjectConfigurationPlatforms) = postSolution
		{9A579049-2F16-4B95-885F-DE5B18AE994B}.Debug|Any CPU.ActiveCfg = Debug|Any CPU
		{9A579049-2F16-4B95-885F-DE5B18AE994B}.Debug|Any CPU.Build.0 = Debug|Any CPU
		{9A579049-2F16-4B95-885F-DE5B18AE994B}.Release|Any CPU.ActiveCfg = Release|Any CPU
		{9A579049-2F16-4B95-885F-DE5B18AE994B}.Release|Any CPU.Build.0 = Release|Any CPU
	EndGlobalSection
	GlobalSection(SolutionProperties) = preSolution
		HideSolutionNode = FALSE
	EndGlobalSection
	GlobalSection(ExtensibilityGlobals) = postSolution
		SolutionGuid = {141970B9-41EA-4926-89B8-F71495CA56E6}
	EndGlobalSection
EndGlobal
