
Microsoft Visual Studio Solution File, Format Version 12.00
# Visual Studio Version 17
VisualStudioVersion = 17.5.33516.290
MinimumVisualStudioVersion = 10.0.40219.1
Project("{FAE04EC0-301F-11D3-BF4B-00C04F79EFBC}") = "Combine string arrays", "Combine string arrays\Combine string arrays.csproj", "{71E471A8-7916-4DCF-8108-44556D72969E}"
EndProject
Global
	GlobalSection(SolutionConfigurationPlatforms) = preSolution
		Debug|Any CPU = Debug|Any CPU
		Release|Any CPU = Release|Any CPU
	EndGlobalSection
	GlobalSection(ProjectConfigurationPlatforms) = postSolution
		{71E471A8-7916-4DCF-8108-44556D72969E}.Debug|Any CPU.ActiveCfg = Debug|Any CPU
		{71E471A8-7916-4DCF-8108-44556D72969E}.Debug|Any CPU.Build.0 = Debug|Any CPU
		{71E471A8-7916-4DCF-8108-44556D72969E}.Release|Any CPU.ActiveCfg = Release|Any CPU
		{71E471A8-7916-4DCF-8108-44556D72969E}.Release|Any CPU.Build.0 = Release|Any CPU
	EndGlobalSection
	GlobalSection(SolutionProperties) = preSolution
		HideSolutionNode = FALSE
	EndGlobalSection
	GlobalSection(ExtensibilityGlobals) = postSolution
		SolutionGuid = {0E8D864C-333C-4CBA-B99A-28B627C6EB81}
	EndGlobalSection
EndGlobal
