
Microsoft Visual Studio Solution File, Format Version 12.00
# Visual Studio Version 17
VisualStudioVersion = 17.5.33516.290
MinimumVisualStudioVersion = 10.0.40219.1
Project("{FAE04EC0-301F-11D3-BF4B-00C04F79EFBC}") = "sum of two integer", "sum of two integer\sum of two integer.csproj", "{68A8B2F6-D989-4D4C-BB13-9AF89BF43BD0}"
EndProject
Global
	GlobalSection(SolutionConfigurationPlatforms) = preSolution
		Debug|Any CPU = Debug|Any CPU
		Release|Any CPU = Release|Any CPU
	EndGlobalSection
	GlobalSection(ProjectConfigurationPlatforms) = postSolution
		{68A8B2F6-D989-4D4C-BB13-9AF89BF43BD0}.Debug|Any CPU.ActiveCfg = Debug|Any CPU
		{68A8B2F6-D989-4D4C-BB13-9AF89BF43BD0}.Debug|Any CPU.Build.0 = Debug|Any CPU
		{68A8B2F6-D989-4D4C-BB13-9AF89BF43BD0}.Release|Any CPU.ActiveCfg = Release|Any CPU
		{68A8B2F6-D989-4D4C-BB13-9AF89BF43BD0}.Release|Any CPU.Build.0 = Release|Any CPU
	EndGlobalSection
	GlobalSection(SolutionProperties) = preSolution
		HideSolutionNode = FALSE
	EndGlobalSection
	GlobalSection(ExtensibilityGlobals) = postSolution
		SolutionGuid = {6FFEF0A7-3402-45CE-A62F-5E526FFD000A}
	EndGlobalSection
EndGlobal
