
Microsoft Visual Studio Solution File, Format Version 12.00
# Visual Studio Version 17
VisualStudioVersion = 17.5.33516.290
MinimumVisualStudioVersion = 10.0.40219.1
Project("{FAE04EC0-301F-11D3-BF4B-00C04F79EFBC}") = "Mail requirement 2", "Mail requirement 2\Mail requirement 2.csproj", "{F5D89A71-2553-41DD-9238-E7E2EA6C1771}"
EndProject
Project("{FAE04EC0-301F-11D3-BF4B-00C04F79EFBC}") = "Mail requirement1", "Mail requirement1\Mail requirement1.csproj", "{769FF16C-CEED-42CD-8294-82A766440185}"
EndProject
Global
	GlobalSection(SolutionConfigurationPlatforms) = preSolution
		Debug|Any CPU = Debug|Any CPU
		Release|Any CPU = Release|Any CPU
	EndGlobalSection
	GlobalSection(ProjectConfigurationPlatforms) = postSolution
		{F5D89A71-2553-41DD-9238-E7E2EA6C1771}.Debug|Any CPU.ActiveCfg = Debug|Any CPU
		{F5D89A71-2553-41DD-9238-E7E2EA6C1771}.Debug|Any CPU.Build.0 = Debug|Any CPU
		{F5D89A71-2553-41DD-9238-E7E2EA6C1771}.Release|Any CPU.ActiveCfg = Release|Any CPU
		{F5D89A71-2553-41DD-9238-E7E2EA6C1771}.Release|Any CPU.Build.0 = Release|Any CPU
		{769FF16C-CEED-42CD-8294-82A766440185}.Debug|Any CPU.ActiveCfg = Debug|Any CPU
		{769FF16C-CEED-42CD-8294-82A766440185}.Debug|Any CPU.Build.0 = Debug|Any CPU
		{769FF16C-CEED-42CD-8294-82A766440185}.Release|Any CPU.ActiveCfg = Release|Any CPU
		{769FF16C-CEED-42CD-8294-82A766440185}.Release|Any CPU.Build.0 = Release|Any CPU
	EndGlobalSection
	GlobalSection(SolutionProperties) = preSolution
		HideSolutionNode = FALSE
	EndGlobalSection
	GlobalSection(ExtensibilityGlobals) = postSolution
		SolutionGuid = {B9B2F391-FD4A-4F2B-8D4E-C462D0D143B7}
	EndGlobalSection
EndGlobal
