
Microsoft Visual Studio Solution File, Format Version 12.00
# Visual Studio Version 17
VisualStudioVersion = 17.5.33516.290
MinimumVisualStudioVersion = 10.0.40219.1
Project("{FAE04EC0-301F-11D3-BF4B-00C04F79EFBC}") = "pgm 6 age", "pgm 6 age\pgm 6 age.csproj", "{6FFDEAA5-A061-4CED-A7E6-8AEC4B520319}"
EndProject
Global
	GlobalSection(SolutionConfigurationPlatforms) = preSolution
		Debug|Any CPU = Debug|Any CPU
		Release|Any CPU = Release|Any CPU
	EndGlobalSection
	GlobalSection(ProjectConfigurationPlatforms) = postSolution
		{6FFDEAA5-A061-4CED-A7E6-8AEC4B520319}.Debug|Any CPU.ActiveCfg = Debug|Any CPU
		{6FFDEAA5-A061-4CED-A7E6-8AEC4B520319}.Debug|Any CPU.Build.0 = Debug|Any CPU
		{6FFDEAA5-A061-4CED-A7E6-8AEC4B520319}.Release|Any CPU.ActiveCfg = Release|Any CPU
		{6FFDEAA5-A061-4CED-A7E6-8AEC4B520319}.Release|Any CPU.Build.0 = Release|Any CPU
	EndGlobalSection
	GlobalSection(SolutionProperties) = preSolution
		HideSolutionNode = FALSE
	EndGlobalSection
	GlobalSection(ExtensibilityGlobals) = postSolution
		SolutionGuid = {EE0DDA35-963C-42EC-AE04-0E2ED2E4EC3C}
	EndGlobalSection
EndGlobal
