
Microsoft Visual Studio Solution File, Format Version 12.00
# Visual Studio Version 17
VisualStudioVersion = 17.5.33516.290
MinimumVisualStudioVersion = 10.0.40219.1
Project("{FAE04EC0-301F-11D3-BF4B-00C04F79EFBC}") = "Remove Duplicate", "Remove Duplicate\Remove Duplicate.csproj", "{2B29B128-B6F1-49C0-931D-753310893B72}"
EndProject
Global
	GlobalSection(SolutionConfigurationPlatforms) = preSolution
		Debug|Any CPU = Debug|Any CPU
		Release|Any CPU = Release|Any CPU
	EndGlobalSection
	GlobalSection(ProjectConfigurationPlatforms) = postSolution
		{2B29B128-B6F1-49C0-931D-753310893B72}.Debug|Any CPU.ActiveCfg = Debug|Any CPU
		{2B29B128-B6F1-49C0-931D-753310893B72}.Debug|Any CPU.Build.0 = Debug|Any CPU
		{2B29B128-B6F1-49C0-931D-753310893B72}.Release|Any CPU.ActiveCfg = Release|Any CPU
		{2B29B128-B6F1-49C0-931D-753310893B72}.Release|Any CPU.Build.0 = Release|Any CPU
	EndGlobalSection
	GlobalSection(SolutionProperties) = preSolution
		HideSolutionNode = FALSE
	EndGlobalSection
	GlobalSection(ExtensibilityGlobals) = postSolution
		SolutionGuid = {C970037B-27D2-4139-8902-FEC8EF661133}
	EndGlobalSection
EndGlobal
