
Microsoft Visual Studio Solution File, Format Version 12.00
# Visual Studio Version 17
VisualStudioVersion = 17.5.33516.290
MinimumVisualStudioVersion = 10.0.40219.1
Project("{FAE04EC0-301F-11D3-BF4B-00C04F79EFBC}") = "Colourcode", "Colourcode\Colourcode.csproj", "{D496AE70-0412-40C9-A4B2-5322DBF28ADE}"
EndProject
Global
	GlobalSection(SolutionConfigurationPlatforms) = preSolution
		Debug|Any CPU = Debug|Any CPU
		Release|Any CPU = Release|Any CPU
	EndGlobalSection
	GlobalSection(ProjectConfigurationPlatforms) = postSolution
		{D496AE70-0412-40C9-A4B2-5322DBF28ADE}.Debug|Any CPU.ActiveCfg = Debug|Any CPU
		{D496AE70-0412-40C9-A4B2-5322DBF28ADE}.Debug|Any CPU.Build.0 = Debug|Any CPU
		{D496AE70-0412-40C9-A4B2-5322DBF28ADE}.Release|Any CPU.ActiveCfg = Release|Any CPU
		{D496AE70-0412-40C9-A4B2-5322DBF28ADE}.Release|Any CPU.Build.0 = Release|Any CPU
	EndGlobalSection
	GlobalSection(SolutionProperties) = preSolution
		HideSolutionNode = FALSE
	EndGlobalSection
	GlobalSection(ExtensibilityGlobals) = postSolution
		SolutionGuid = {C38328E3-C65C-4C90-9A9D-CAD071970610}
	EndGlobalSection
EndGlobal
