
Microsoft Visual Studio Solution File, Format Version 12.00
# Visual Studio Version 17
VisualStudioVersion = 17.5.33516.290
MinimumVisualStudioVersion = 10.0.40219.1
Project("{FAE04EC0-301F-11D3-BF4B-00C04F79EFBC}") = "Repalce 0 with 5", "Repalce 0 with 5\Repalce 0 with 5.csproj", "{90979D68-373F-4FBC-A9A2-A30CD508E948}"
EndProject
Global
	GlobalSection(SolutionConfigurationPlatforms) = preSolution
		Debug|Any CPU = Debug|Any CPU
		Release|Any CPU = Release|Any CPU
	EndGlobalSection
	GlobalSection(ProjectConfigurationPlatforms) = postSolution
		{90979D68-373F-4FBC-A9A2-A30CD508E948}.Debug|Any CPU.ActiveCfg = Debug|Any CPU
		{90979D68-373F-4FBC-A9A2-A30CD508E948}.Debug|Any CPU.Build.0 = Debug|Any CPU
		{90979D68-373F-4FBC-A9A2-A30CD508E948}.Release|Any CPU.ActiveCfg = Release|Any CPU
		{90979D68-373F-4FBC-A9A2-A30CD508E948}.Release|Any CPU.Build.0 = Release|Any CPU
	EndGlobalSection
	GlobalSection(SolutionProperties) = preSolution
		HideSolutionNode = FALSE
	EndGlobalSection
	GlobalSection(ExtensibilityGlobals) = postSolution
		SolutionGuid = {9EB691F7-1EFA-4C75-91D3-C20C2D483D8E}
	EndGlobalSection
EndGlobal
