
Microsoft Visual Studio Solution File, Format Version 12.00
# Visual Studio Version 17
VisualStudioVersion = 17.5.33516.290
MinimumVisualStudioVersion = 10.0.40219.1
Project("{FAE04EC0-301F-11D3-BF4B-00C04F79EFBC}") = "Bubble Sort", "Bubble Sort\Bubble Sort.csproj", "{9E5D87F1-67E2-4BBA-946C-60A15D9618E3}"
EndProject
Global
	GlobalSection(SolutionConfigurationPlatforms) = preSolution
		Debug|Any CPU = Debug|Any CPU
		Release|Any CPU = Release|Any CPU
	EndGlobalSection
	GlobalSection(ProjectConfigurationPlatforms) = postSolution
		{9E5D87F1-67E2-4BBA-946C-60A15D9618E3}.Debug|Any CPU.ActiveCfg = Debug|Any CPU
		{9E5D87F1-67E2-4BBA-946C-60A15D9618E3}.Debug|Any CPU.Build.0 = Debug|Any CPU
		{9E5D87F1-67E2-4BBA-946C-60A15D9618E3}.Release|Any CPU.ActiveCfg = Release|Any CPU
		{9E5D87F1-67E2-4BBA-946C-60A15D9618E3}.Release|Any CPU.Build.0 = Release|Any CPU
	EndGlobalSection
	GlobalSection(SolutionProperties) = preSolution
		HideSolutionNode = FALSE
	EndGlobalSection
	GlobalSection(ExtensibilityGlobals) = postSolution
		SolutionGuid = {E2A75C18-449A-43BD-BBD3-DBCEA245A0F1}
	EndGlobalSection
EndGlobal
