
Microsoft Visual Studio Solution File, Format Version 12.00
# Visual Studio Version 17
VisualStudioVersion = 17.5.33516.290
MinimumVisualStudioVersion = 10.0.40219.1
Project("{FAE04EC0-301F-11D3-BF4B-00C04F79EFBC}") = "Index", "Index\Index.csproj", "{55BB938E-C3B1-4C74-A918-238802BE100C}"
EndProject
Global
	GlobalSection(SolutionConfigurationPlatforms) = preSolution
		Debug|Any CPU = Debug|Any CPU
		Release|Any CPU = Release|Any CPU
	EndGlobalSection
	GlobalSection(ProjectConfigurationPlatforms) = postSolution
		{55BB938E-C3B1-4C74-A918-238802BE100C}.Debug|Any CPU.ActiveCfg = Debug|Any CPU
		{55BB938E-C3B1-4C74-A918-238802BE100C}.Debug|Any CPU.Build.0 = Debug|Any CPU
		{55BB938E-C3B1-4C74-A918-238802BE100C}.Release|Any CPU.ActiveCfg = Release|Any CPU
		{55BB938E-C3B1-4C74-A918-238802BE100C}.Release|Any CPU.Build.0 = Release|Any CPU
	EndGlobalSection
	GlobalSection(SolutionProperties) = preSolution
		HideSolutionNode = FALSE
	EndGlobalSection
	GlobalSection(ExtensibilityGlobals) = postSolution
		SolutionGuid = {668B81D1-F107-495B-9737-0D47BE6D5792}
	EndGlobalSection
EndGlobal
